// !$*UTF8*$!
{
	archiveVersion = 1;
	classes = {
	};
	objectVersion = 56;
	objects = {

/* Begin PBXBuildFile section */
		EB2B06892AE5CBDB00350B38 /* TabBarController.swift in Sources */ = {isa = PBXBuildFile; fileRef = EB2B06882AE5CBDB00350B38 /* TabBarController.swift */; };
		EB320A132A692424004BD97B /* ProfileViewController.swift in Sources */ = {isa = PBXBuildFile; fileRef = EB320A122A692424004BD97B /* ProfileViewController.swift */; };
		EB7473672AE3156B00B62C35 /* Constants.swift in Sources */ = {isa = PBXBuildFile; fileRef = EB7473662AE3156B00B62C35 /* Constants.swift */; };
		EB7473692AE32EC100B62C35 /* AuthViewController.swift in Sources */ = {isa = PBXBuildFile; fileRef = EB7473682AE32EC100B62C35 /* AuthViewController.swift */; };
		EB74736E2AE3309500B62C35 /* WebViewViewController.swift in Sources */ = {isa = PBXBuildFile; fileRef = EB74736D2AE3309400B62C35 /* WebViewViewController.swift */; };
		EB93A47D2A47960C0096E711 /* AppDelegate.swift in Sources */ = {isa = PBXBuildFile; fileRef = EB93A47C2A47960C0096E711 /* AppDelegate.swift */; };
		EB93A47F2A47960C0096E711 /* SceneDelegate.swift in Sources */ = {isa = PBXBuildFile; fileRef = EB93A47E2A47960C0096E711 /* SceneDelegate.swift */; };
		EB93A4812A47960C0096E711 /* ImagesListViewController.swift in Sources */ = {isa = PBXBuildFile; fileRef = EB93A4802A47960C0096E711 /* ImagesListViewController.swift */; };
		EB93A4862A4796100096E711 /* Assets.xcassets in Resources */ = {isa = PBXBuildFile; fileRef = EB93A4852A4796100096E711 /* Assets.xcassets */; };
		EB93A4892A4796100096E711 /* LaunchScreen.storyboard in Resources */ = {isa = PBXBuildFile; fileRef = EB93A4872A4796100096E711 /* LaunchScreen.storyboard */; };
		EBB27F5E2AE442530059736C /* OAuth2Service.swift in Sources */ = {isa = PBXBuildFile; fileRef = EBB27F5D2AE442530059736C /* OAuth2Service.swift */; };
		EBB27F602AE487350059736C /* SplashViewController.swift in Sources */ = {isa = PBXBuildFile; fileRef = EBB27F5F2AE487350059736C /* SplashViewController.swift */; };
		EBB27F652AE48ABC0059736C /* OAuth2TokenStorage.swift in Sources */ = {isa = PBXBuildFile; fileRef = EBB27F642AE48ABC0059736C /* OAuth2TokenStorage.swift */; };
		EBBD64442A59FB6E00F3D7FF /* ImagesListCell.swift in Sources */ = {isa = PBXBuildFile; fileRef = EBBD64432A59FB6E00F3D7FF /* ImagesListCell.swift */; };
		EBD203902AD5E006003F0C6E /* SingleImageViewController.swift in Sources */ = {isa = PBXBuildFile; fileRef = EBD2038F2AD5E006003F0C6E /* SingleImageViewController.swift */; };
		EBD40BC32AE2E40F007A5E57 /* UIColor + Extensions.swift in Sources */ = {isa = PBXBuildFile; fileRef = EBD40BC22AE2E40F007A5E57 /* UIColor + Extensions.swift */; };
		EBDB2C392A5DE9C40007A4EF /* Main.storyboard in Resources */ = {isa = PBXBuildFile; fileRef = EBDB2C382A5DE9C30007A4EF /* Main.storyboard */; };
/* End PBXBuildFile section */

/* Begin PBXFileReference section */
		EB2B06882AE5CBDB00350B38 /* TabBarController.swift */ = {isa = PBXFileReference; lastKnownFileType = sourcecode.swift; path = TabBarController.swift; sourceTree = "<group>"; };
		EB320A122A692424004BD97B /* ProfileViewController.swift */ = {isa = PBXFileReference; lastKnownFileType = sourcecode.swift; path = ProfileViewController.swift; sourceTree = "<group>"; };
		EB7473662AE3156B00B62C35 /* Constants.swift */ = {isa = PBXFileReference; lastKnownFileType = sourcecode.swift; path = Constants.swift; sourceTree = "<group>"; };
		EB7473682AE32EC100B62C35 /* AuthViewController.swift */ = {isa = PBXFileReference; lastKnownFileType = sourcecode.swift; path = AuthViewController.swift; sourceTree = "<group>"; };
		EB74736D2AE3309400B62C35 /* WebViewViewController.swift */ = {isa = PBXFileReference; lastKnownFileType = sourcecode.swift; path = WebViewViewController.swift; sourceTree = "<group>"; };
		EB93A4792A47960C0096E711 /* ImageFeed.app */ = {isa = PBXFileReference; explicitFileType = wrapper.application; includeInIndex = 0; path = ImageFeed.app; sourceTree = BUILT_PRODUCTS_DIR; };
		EB93A47C2A47960C0096E711 /* AppDelegate.swift */ = {isa = PBXFileReference; lastKnownFileType = sourcecode.swift; path = AppDelegate.swift; sourceTree = "<group>"; };
		EB93A47E2A47960C0096E711 /* SceneDelegate.swift */ = {isa = PBXFileReference; lastKnownFileType = sourcecode.swift; path = SceneDelegate.swift; sourceTree = "<group>"; };
		EB93A4802A47960C0096E711 /* ImagesListViewController.swift */ = {isa = PBXFileReference; lastKnownFileType = sourcecode.swift; path = ImagesListViewController.swift; sourceTree = "<group>"; };
		EB93A4852A4796100096E711 /* Assets.xcassets */ = {isa = PBXFileReference; lastKnownFileType = folder.assetcatalog; path = Assets.xcassets; sourceTree = "<group>"; };
		EB93A4882A4796100096E711 /* Base */ = {isa = PBXFileReference; lastKnownFileType = file.storyboard; name = Base; path = Base.lproj/LaunchScreen.storyboard; sourceTree = "<group>"; };
		EB93A48A2A4796100096E711 /* Info.plist */ = {isa = PBXFileReference; lastKnownFileType = text.plist.xml; path = Info.plist; sourceTree = "<group>"; };
		EBB27F5D2AE442530059736C /* OAuth2Service.swift */ = {isa = PBXFileReference; lastKnownFileType = sourcecode.swift; path = OAuth2Service.swift; sourceTree = "<group>"; };
		EBB27F5F2AE487350059736C /* SplashViewController.swift */ = {isa = PBXFileReference; lastKnownFileType = sourcecode.swift; path = SplashViewController.swift; sourceTree = "<group>"; };
		EBB27F642AE48ABC0059736C /* OAuth2TokenStorage.swift */ = {isa = PBXFileReference; lastKnownFileType = sourcecode.swift; path = OAuth2TokenStorage.swift; sourceTree = "<group>"; };
		EBBD64432A59FB6E00F3D7FF /* ImagesListCell.swift */ = {isa = PBXFileReference; lastKnownFileType = sourcecode.swift; path = ImagesListCell.swift; sourceTree = "<group>"; };
		EBD2038F2AD5E006003F0C6E /* SingleImageViewController.swift */ = {isa = PBXFileReference; lastKnownFileType = sourcecode.swift; path = SingleImageViewController.swift; sourceTree = "<group>"; };
		EBD40BC22AE2E40F007A5E57 /* UIColor + Extensions.swift */ = {isa = PBXFileReference; lastKnownFileType = sourcecode.swift; path = "UIColor + Extensions.swift"; sourceTree = "<group>"; };
		EBDB2C382A5DE9C30007A4EF /* Main.storyboard */ = {isa = PBXFileReference; fileEncoding = 4; lastKnownFileType = file.storyboard; name = Main.storyboard; path = ImagineList/Main.storyboard; sourceTree = "<group>"; };
/* End PBXFileReference section */

/* Begin PBXFrameworksBuildPhase section */
		EB93A4762A47960C0096E711 /* Frameworks */ = {
			isa = PBXFrameworksBuildPhase;
			buildActionMask = 2147483647;
			files = (
			);
			runOnlyForDeploymentPostprocessing = 0;
		};
/* End PBXFrameworksBuildPhase section */

/* Begin PBXGroup section */
		EB2B068A2AE5CD1F00350B38 /* TabBarController */ = {
			isa = PBXGroup;
			children = (
				EB2B06882AE5CBDB00350B38 /* TabBarController.swift */,
			);
			path = TabBarController;
			sourceTree = "<group>";
		};
		EB320A142A69242A004BD97B /* Profile */ = {
			isa = PBXGroup;
			children = (
				EB320A122A692424004BD97B /* ProfileViewController.swift */,
			);
			path = Profile;
			sourceTree = "<group>";
		};
		EB74736C2AE32F8100B62C35 /* OAuth2 */ = {
			isa = PBXGroup;
			children = (
				EBB27F5D2AE442530059736C /* OAuth2Service.swift */,
				EBB27F642AE48ABC0059736C /* OAuth2TokenStorage.swift */,
			);
			path = OAuth2;
			sourceTree = "<group>";
		};
		EB93A4702A47960C0096E711 = {
			isa = PBXGroup;
			children = (
				EB93A47B2A47960C0096E711 /* ImageFeed */,
				EB93A47A2A47960C0096E711 /* Products */,
			);
			sourceTree = "<group>";
		};
		EB93A47A2A47960C0096E711 /* Products */ = {
			isa = PBXGroup;
			children = (
				EB93A4792A47960C0096E711 /* ImageFeed.app */,
			);
			name = Products;
			sourceTree = "<group>";
		};
		EB93A47B2A47960C0096E711 /* ImageFeed */ = {
			isa = PBXGroup;
			children = (
				EB7473662AE3156B00B62C35 /* Constants.swift */,
				EB93A47E2A47960C0096E711 /* SceneDelegate.swift */,
				EB93A47C2A47960C0096E711 /* AppDelegate.swift */,
				EBB27F632AE489DE0059736C /* Auth */,
				EBB27F622AE487630059736C /* ServiceAccessLayer */,
				EBB27F612AE487420059736C /* SplashViewController */,
				EBD203912AD5E2BD003F0C6E /* SingleImageView */,
				EB320A142A69242A004BD97B /* Profile */,
				EBBD64452A5B4D3200F3D7FF /* ImagineList */,
				EB2B068A2AE5CD1F00350B38 /* TabBarController */,
				EBD40BC12AE2E3C9007A5E57 /* Extesions */,
				EB93A4852A4796100096E711 /* Assets.xcassets */,
				EBDB2C382A5DE9C30007A4EF /* Main.storyboard */,
				EB93A4872A4796100096E711 /* LaunchScreen.storyboard */,
				EB93A48A2A4796100096E711 /* Info.plist */,
			);
			path = ImageFeed;
			sourceTree = "<group>";
		};
		EBB27F612AE487420059736C /* SplashViewController */ = {
			isa = PBXGroup;
			children = (
				EBB27F5F2AE487350059736C /* SplashViewController.swift */,
			);
			path = SplashViewController;
			sourceTree = "<group>";
		};
		EBB27F622AE487630059736C /* ServiceAccessLayer */ = {
			isa = PBXGroup;
			children = (
				EB74736C2AE32F8100B62C35 /* OAuth2 */,
			);
			path = ServiceAccessLayer;
			sourceTree = "<group>";
		};
		EBB27F632AE489DE0059736C /* Auth */ = {
			isa = PBXGroup;
			children = (
				EB74736D2AE3309400B62C35 /* WebViewViewController.swift */,
				EB7473682AE32EC100B62C35 /* AuthViewController.swift */,
			);
			path = Auth;
			sourceTree = "<group>";
		};
		EBBD64452A5B4D3200F3D7FF /* ImagineList */ = {
			isa = PBXGroup;
			children = (
				EBBD64432A59FB6E00F3D7FF /* ImagesListCell.swift */,
				EB93A4802A47960C0096E711 /* ImagesListViewController.swift */,
			);
			path = ImagineList;
			sourceTree = "<group>";
		};
		EBD203912AD5E2BD003F0C6E /* SingleImageView */ = {
			isa = PBXGroup;
			children = (
				EBD2038F2AD5E006003F0C6E /* SingleImageViewController.swift */,
			);
			path = SingleImageView;
			sourceTree = "<group>";
		};
		EBD40BC12AE2E3C9007A5E57 /* Extesions */ = {
			isa = PBXGroup;
			children = (
				EBD40BC22AE2E40F007A5E57 /* UIColor + Extensions.swift */,
			);
			path = Extesions;
			sourceTree = "<group>";
		};
/* End PBXGroup section */

/* Begin PBXNativeTarget section */
		EB93A4782A47960C0096E711 /* ImageFeed */ = {
			isa = PBXNativeTarget;
			buildConfigurationList = EB93A48D2A4796100096E711 /* Build configuration list for PBXNativeTarget "ImageFeed" */;
			buildPhases = (
				EB93A4752A47960C0096E711 /* Sources */,
				EB93A4762A47960C0096E711 /* Frameworks */,
				EB93A4772A47960C0096E711 /* Resources */,
			);
			buildRules = (
			);
			dependencies = (
			);
			name = ImageFeed;
			productName = ImageFeed;
			productReference = EB93A4792A47960C0096E711 /* ImageFeed.app */;
			productType = "com.apple.product-type.application";
		};
/* End PBXNativeTarget section */

/* Begin PBXProject section */
		EB93A4712A47960C0096E711 /* Project object */ = {
			isa = PBXProject;
			attributes = {
				BuildIndependentTargetsInParallel = 1;
				LastSwiftUpdateCheck = 1420;
				LastUpgradeCheck = 1420;
				TargetAttributes = {
					EB93A4782A47960C0096E711 = {
						CreatedOnToolsVersion = 14.2;
					};
				};
			};
			buildConfigurationList = EB93A4742A47960C0096E711 /* Build configuration list for PBXProject "ImageFeed" */;
			compatibilityVersion = "Xcode 14.0";
			developmentRegion = en;
			hasScannedForEncodings = 0;
			knownRegions = (
				en,
				Base,
			);
			mainGroup = EB93A4702A47960C0096E711;
			productRefGroup = EB93A47A2A47960C0096E711 /* Products */;
			projectDirPath = "";
			projectRoot = "";
			targets = (
				EB93A4782A47960C0096E711 /* ImageFeed */,
			);
		};
/* End PBXProject section */

/* Begin PBXResourcesBuildPhase section */
		EB93A4772A47960C0096E711 /* Resources */ = {
			isa = PBXResourcesBuildPhase;
			buildActionMask = 2147483647;
			files = (
				EB93A4892A4796100096E711 /* LaunchScreen.storyboard in Resources */,
				EB93A4862A4796100096E711 /* Assets.xcassets in Resources */,
				EBDB2C392A5DE9C40007A4EF /* Main.storyboard in Resources */,
			);
			runOnlyForDeploymentPostprocessing = 0;
		};
/* End PBXResourcesBuildPhase section */

/* Begin PBXSourcesBuildPhase section */
		EB93A4752A47960C0096E711 /* Sources */ = {
			isa = PBXSourcesBuildPhase;
			buildActionMask = 2147483647;
			files = (
				EB74736E2AE3309500B62C35 /* WebViewViewController.swift in Sources */,
				EB93A4812A47960C0096E711 /* ImagesListViewController.swift in Sources */,
				EBBD64442A59FB6E00F3D7FF /* ImagesListCell.swift in Sources */,
				EBB27F602AE487350059736C /* SplashViewController.swift in Sources */,
				EB320A132A692424004BD97B /* ProfileViewController.swift in Sources */,
				EBB27F5E2AE442530059736C /* OAuth2Service.swift in Sources */,
				EBD40BC32AE2E40F007A5E57 /* UIColor + Extensions.swift in Sources */,
				EB93A47D2A47960C0096E711 /* AppDelegate.swift in Sources */,
				EBD203902AD5E006003F0C6E /* SingleImageViewController.swift in Sources */,
				EB93A47F2A47960C0096E711 /* SceneDelegate.swift in Sources */,
				EB7473692AE32EC100B62C35 /* AuthViewController.swift in Sources */,
				EB2B06892AE5CBDB00350B38 /* TabBarController.swift in Sources */,
				EBB27F652AE48ABC0059736C /* OAuth2TokenStorage.swift in Sources */,
				EB7473672AE3156B00B62C35 /* Constants.swift in Sources */,
			);
			runOnlyForDeploymentPostprocessing = 0;
		};
/* End PBXSourcesBuildPhase section */

/* Begin PBXVariantGroup section */
		EB93A4872A4796100096E711 /* LaunchScreen.storyboard */ = {
			isa = PBXVariantGroup;
			children = (
				EB93A4882A4796100096E711 /* Base */,
			);
			name = LaunchScreen.storyboard;
			sourceTree = "<group>";
		};
/* End PBXVariantGroup section */

/* Begin XCBuildConfiguration section */
		EB93A48B2A4796100096E711 /* Debug */ = {
			isa = XCBuildConfiguration;
			buildSettings = {
				ALWAYS_SEARCH_USER_PATHS = NO;
				CLANG_ANALYZER_NONNULL = YES;
				CLANG_ANALYZER_NUMBER_OBJECT_CONVERSION = YES_AGGRESSIVE;
				CLANG_CXX_LANGUAGE_STANDARD = "gnu++20";
				CLANG_ENABLE_MODULES = YES;
				CLANG_ENABLE_OBJC_ARC = YES;
				CLANG_ENABLE_OBJC_WEAK = YES;
				CLANG_WARN_BLOCK_CAPTURE_AUTORELEASING = YES;
				CLANG_WARN_BOOL_CONVERSION = YES;
				CLANG_WARN_COMMA = YES;
				CLANG_WARN_CONSTANT_CONVERSION = YES;
				CLANG_WARN_DEPRECATED_OBJC_IMPLEMENTATIONS = YES;
				CLANG_WARN_DIRECT_OBJC_ISA_USAGE = YES_ERROR;
				CLANG_WARN_DOCUMENTATION_COMMENTS = YES;
				CLANG_WARN_EMPTY_BODY = YES;
				CLANG_WARN_ENUM_CONVERSION = YES;
				CLANG_WARN_INFINITE_RECURSION = YES;
				CLANG_WARN_INT_CONVERSION = YES;
				CLANG_WARN_NON_LITERAL_NULL_CONVERSION = YES;
				CLANG_WARN_OBJC_IMPLICIT_RETAIN_SELF = YES;
				CLANG_WARN_OBJC_LITERAL_CONVERSION = YES;
				CLANG_WARN_OBJC_ROOT_CLASS = YES_ERROR;
				CLANG_WARN_QUOTED_INCLUDE_IN_FRAMEWORK_HEADER = YES;
				CLANG_WARN_RANGE_LOOP_ANALYSIS = YES;
				CLANG_WARN_STRICT_PROTOTYPES = YES;
				CLANG_WARN_SUSPICIOUS_MOVE = YES;
				CLANG_WARN_UNGUARDED_AVAILABILITY = YES_AGGRESSIVE;
				CLANG_WARN_UNREACHABLE_CODE = YES;
				CLANG_WARN__DUPLICATE_METHOD_MATCH = YES;
				COPY_PHASE_STRIP = NO;
				DEBUG_INFORMATION_FORMAT = dwarf;
				ENABLE_STRICT_OBJC_MSGSEND = YES;
				ENABLE_TESTABILITY = YES;
				GCC_C_LANGUAGE_STANDARD = gnu11;
				GCC_DYNAMIC_NO_PIC = NO;
				GCC_NO_COMMON_BLOCKS = YES;
				GCC_OPTIMIZATION_LEVEL = 0;
				GCC_PREPROCESSOR_DEFINITIONS = (
					"DEBUG=1",
					"$(inherited)",
				);
				GCC_WARN_64_TO_32_BIT_CONVERSION = YES;
				GCC_WARN_ABOUT_RETURN_TYPE = YES_ERROR;
				GCC_WARN_UNDECLARED_SELECTOR = YES;
				GCC_WARN_UNINITIALIZED_AUTOS = YES_AGGRESSIVE;
				GCC_WARN_UNUSED_FUNCTION = YES;
				GCC_WARN_UNUSED_VARIABLE = YES;
				IPHONEOS_DEPLOYMENT_TARGET = 13.0;
				MTL_ENABLE_DEBUG_INFO = INCLUDE_SOURCE;
				MTL_FAST_MATH = YES;
				ONLY_ACTIVE_ARCH = YES;
				SDKROOT = iphoneos;
				SWIFT_ACTIVE_COMPILATION_CONDITIONS = DEBUG;
				SWIFT_OPTIMIZATION_LEVEL = "-Onone";
			};
			name = Debug;
		};
		EB93A48C2A4796100096E711 /* Release */ = {
			isa = XCBuildConfiguration;
			buildSettings = {
				ALWAYS_SEARCH_USER_PATHS = NO;
				CLANG_ANALYZER_NONNULL = YES;
				CLANG_ANALYZER_NUMBER_OBJECT_CONVERSION = YES_AGGRESSIVE;
				CLANG_CXX_LANGUAGE_STANDARD = "gnu++20";
				CLANG_ENABLE_MODULES = YES;
				CLANG_ENABLE_OBJC_ARC = YES;
				CLANG_ENABLE_OBJC_WEAK = YES;
				CLANG_WARN_BLOCK_CAPTURE_AUTORELEASING = YES;
				CLANG_WARN_BOOL_CONVERSION = YES;
				CLANG_WARN_COMMA = YES;
				CLANG_WARN_CONSTANT_CONVERSION = YES;
				CLANG_WARN_DEPRECATED_OBJC_IMPLEMENTATIONS = YES;
				CLANG_WARN_DIRECT_OBJC_ISA_USAGE = YES_ERROR;
				CLANG_WARN_DOCUMENTATION_COMMENTS = YES;
				CLANG_WARN_EMPTY_BODY = YES;
				CLANG_WARN_ENUM_CONVERSION = YES;
				CLANG_WARN_INFINITE_RECURSION = YES;
				CLANG_WARN_INT_CONVERSION = YES;
				CLANG_WARN_NON_LITERAL_NULL_CONVERSION = YES;
				CLANG_WARN_OBJC_IMPLICIT_RETAIN_SELF = YES;
				CLANG_WARN_OBJC_LITERAL_CONVERSION = YES;
				CLANG_WARN_OBJC_ROOT_CLASS = YES_ERROR;
				CLANG_WARN_QUOTED_INCLUDE_IN_FRAMEWORK_HEADER = YES;
				CLANG_WARN_RANGE_LOOP_ANALYSIS = YES;
				CLANG_WARN_STRICT_PROTOTYPES = YES;
				CLANG_WARN_SUSPICIOUS_MOVE = YES;
				CLANG_WARN_UNGUARDED_AVAILABILITY = YES_AGGRESSIVE;
				CLANG_WARN_UNREACHABLE_CODE = YES;
				CLANG_WARN__DUPLICATE_METHOD_MATCH = YES;
				COPY_PHASE_STRIP = NO;
				DEBUG_INFORMATION_FORMAT = "dwarf-with-dsym";
				ENABLE_NS_ASSERTIONS = NO;
				ENABLE_STRICT_OBJC_MSGSEND = YES;
				GCC_C_LANGUAGE_STANDARD = gnu11;
				GCC_NO_COMMON_BLOCKS = YES;
				GCC_WARN_64_TO_32_BIT_CONVERSION = YES;
				GCC_WARN_ABOUT_RETURN_TYPE = YES_ERROR;
				GCC_WARN_UNDECLARED_SELECTOR = YES;
				GCC_WARN_UNINITIALIZED_AUTOS = YES_AGGRESSIVE;
				GCC_WARN_UNUSED_FUNCTION = YES;
				GCC_WARN_UNUSED_VARIABLE = YES;
				IPHONEOS_DEPLOYMENT_TARGET = 13.0;
				MTL_ENABLE_DEBUG_INFO = NO;
				MTL_FAST_MATH = YES;
				SDKROOT = iphoneos;
				SWIFT_COMPILATION_MODE = wholemodule;
				SWIFT_OPTIMIZATION_LEVEL = "-O";
				VALIDATE_PRODUCT = YES;
			};
			name = Release;
		};
		EB93A48E2A4796100096E711 /* Debug */ = {
			isa = XCBuildConfiguration;
			buildSettings = {
				ASSETCATALOG_COMPILER_APPICON_NAME = AppIcon;
				ASSETCATALOG_COMPILER_GLOBAL_ACCENT_COLOR_NAME = AccentColor;
				CODE_SIGN_STYLE = Automatic;
				CURRENT_PROJECT_VERSION = 1;
				DEVELOPMENT_TEAM = YTUF846F79;
				GENERATE_INFOPLIST_FILE = YES;
				INFOPLIST_FILE = ImageFeed/Info.plist;
				INFOPLIST_KEY_UIApplicationSupportsIndirectInputEvents = YES;
				INFOPLIST_KEY_UILaunchStoryboardName = LaunchScreen;
				INFOPLIST_KEY_UIMainStoryboardFile = Main;
				INFOPLIST_KEY_UISupportedInterfaceOrientations = UIInterfaceOrientationPortrait;
				IPHONEOS_DEPLOYMENT_TARGET = 13.0;
				LD_RUNPATH_SEARCH_PATHS = (
					"$(inherited)",
					"@executable_path/Frameworks",
				);
				MARKETING_VERSION = 1.0;
				PRODUCT_BUNDLE_IDENTIFIER = ru.maxmajonk.practicum.ImageFeed;
				PRODUCT_NAME = "$(TARGET_NAME)";
				SUPPORTED_PLATFORMS = "iphoneos iphonesimulator";
				SUPPORTS_MACCATALYST = NO;
				SUPPORTS_MAC_DESIGNED_FOR_IPHONE_IPAD = YES;
				SWIFT_EMIT_LOC_STRINGS = YES;
				SWIFT_VERSION = 5.0;
				TARGETED_DEVICE_FAMILY = 1;
			};
			name = Debug;
		};
		EB93A48F2A4796100096E711 /* Release */ = {
			isa = XCBuildConfiguration;
			buildSettings = {
				ASSETCATALOG_COMPILER_APPICON_NAME = AppIcon;
				ASSETCATALOG_COMPILER_GLOBAL_ACCENT_COLOR_NAME = AccentColor;
				CODE_SIGN_STYLE = Automatic;
				CURRENT_PROJECT_VERSION = 1;
				DEVELOPMENT_TEAM = YTUF846F79;
				GENERATE_INFOPLIST_FILE = YES;
				INFOPLIST_FILE = ImageFeed/Info.plist;
				INFOPLIST_KEY_UIApplicationSupportsIndirectInputEvents = YES;
				INFOPLIST_KEY_UILaunchStoryboardName = LaunchScreen;
				INFOPLIST_KEY_UIMainStoryboardFile = Main;
				INFOPLIST_KEY_UISupportedInterfaceOrientations = UIInterfaceOrientationPortrait;
				IPHONEOS_DEPLOYMENT_TARGET = 13.0;
				LD_RUNPATH_SEARCH_PATHS = (
					"$(inherited)",
					"@executable_path/Frameworks",
				);
				MARKETING_VERSION = 1.0;
				PRODUCT_BUNDLE_IDENTIFIER = ru.maxmajonk.practicum.ImageFeed;
				PRODUCT_NAME = "$(TARGET_NAME)";
				SUPPORTED_PLATFORMS = "iphoneos iphonesimulator";
				SUPPORTS_MACCATALYST = NO;
				SUPPORTS_MAC_DESIGNED_FOR_IPHONE_IPAD = YES;
				SWIFT_EMIT_LOC_STRINGS = YES;
				SWIFT_VERSION = 5.0;
				TARGETED_DEVICE_FAMILY = 1;
			};
			name = Release;
		};
/* End XCBuildConfiguration section */

/* Begin XCConfigurationList section */
		EB93A4742A47960C0096E711 /* Build configuration list for PBXProject "ImageFeed" */ = {
			isa = XCConfigurationList;
			buildConfigurations = (
				EB93A48B2A4796100096E711 /* Debug */,
				EB93A48C2A4796100096E711 /* Release */,
			);
			defaultConfigurationIsVisible = 0;
			defaultConfigurationName = Release;
		};
		EB93A48D2A4796100096E711 /* Build configuration list for PBXNativeTarget "ImageFeed" */ = {
			isa = XCConfigurationList;
			buildConfigurations = (
				EB93A48E2A4796100096E711 /* Debug */,
				EB93A48F2A4796100096E711 /* Release */,
			);
			defaultConfigurationIsVisible = 0;
			defaultConfigurationName = Release;
		};
/* End XCConfigurationList section */
	};
	rootObject = EB93A4712A47960C0096E711 /* Project object */;
}
